
Microsoft Visual Studio Solution File, Format Version 12.00
# Visual Studio Version 16
VisualStudioVersion = 16.0.29418.71
MinimumVisualStudioVersion = 10.0.40219.1
Project("{FAE04EC0-301F-11D3-BF4B-00C04F79EFBC}") = "ClassLibrary", "ClassLibrary\ClassLibrary.csproj", "{0BC205A3-D972-45D5-9476-37DB40304CA6}"
EndProject
Global
	GlobalSection(SolutionConfigurationPlatforms) = preSolution
		Debug|Any CPU = Debug|Any CPU
		Release|Any CPU = Release|Any CPU
	EndGlobalSection
	GlobalSection(ProjectConfigurationPlatforms) = postSolution
		{0BC205A3-D972-45D5-9476-37DB40304CA6}.Debug|Any CPU.ActiveCfg = Debug|Any CPU
		{0BC205A3-D972-45D5-9476-37DB40304CA6}.Debug|Any CPU.Build.0 = Debug|Any CPU
		{0BC205A3-D972-45D5-9476-37DB40304CA6}.Release|Any CPU.ActiveCfg = Release|Any CPU
		{0BC205A3-D972-45D5-9476-37DB40304CA6}.Release|Any CPU.Build.0 = Release|Any CPU
	EndGlobalSection
	GlobalSection(SolutionProperties) = preSolution
		HideSolutionNode = FALSE
	EndGlobalSection
	GlobalSection(ExtensibilityGlobals) = postSolution
		SolutionGuid = {83062529-D45D-4DC8-B9CF-BCC3FF878050}
	EndGlobalSection
EndGlobal
