
Microsoft Visual Studio Solution File, Format Version 12.00
# Visual Studio Version 16
VisualStudioVersion = 16.0.29418.71
MinimumVisualStudioVersion = 10.0.40219.1
Project("{9A19103F-16F7-4668-BE54-9A1E7A4F7556}") = "RazorPagesShowSearcher", "RazorPagesShowSearcher\RazorPagesShowSearcher.csproj", "{448FF1F2-7FD8-45B9-822C-15CAD54E06BF}"
EndProject
Project("{FAE04EC0-301F-11D3-BF4B-00C04F79EFBC}") = "RazorPagesShowSearcherTests", "RazorPagesShowSearcherTests\RazorPagesShowSearcherTests.csproj", "{56672F33-7C8B-4D8C-B4D4-A44B7628E072}"
EndProject
Global
	GlobalSection(SolutionConfigurationPlatforms) = preSolution
		Debug|Any CPU = Debug|Any CPU
		Release|Any CPU = Release|Any CPU
	EndGlobalSection
	GlobalSection(ProjectConfigurationPlatforms) = postSolution
		{448FF1F2-7FD8-45B9-822C-15CAD54E06BF}.Debug|Any CPU.ActiveCfg = Debug|Any CPU
		{448FF1F2-7FD8-45B9-822C-15CAD54E06BF}.Debug|Any CPU.Build.0 = Debug|Any CPU
		{448FF1F2-7FD8-45B9-822C-15CAD54E06BF}.Release|Any CPU.ActiveCfg = Release|Any CPU
		{448FF1F2-7FD8-45B9-822C-15CAD54E06BF}.Release|Any CPU.Build.0 = Release|Any CPU
		{56672F33-7C8B-4D8C-B4D4-A44B7628E072}.Debug|Any CPU.ActiveCfg = Debug|Any CPU
		{56672F33-7C8B-4D8C-B4D4-A44B7628E072}.Debug|Any CPU.Build.0 = Debug|Any CPU
		{56672F33-7C8B-4D8C-B4D4-A44B7628E072}.Release|Any CPU.ActiveCfg = Release|Any CPU
		{56672F33-7C8B-4D8C-B4D4-A44B7628E072}.Release|Any CPU.Build.0 = Release|Any CPU
	EndGlobalSection
	GlobalSection(SolutionProperties) = preSolution
		HideSolutionNode = FALSE
	EndGlobalSection
	GlobalSection(ExtensibilityGlobals) = postSolution
		SolutionGuid = {6FCBA68B-C988-4610-9AAD-AAFA2E7C922D}
	EndGlobalSection
EndGlobal
